<?xml version="1.0" encoding="utf-8"?>
<Project ToolsVersion="16.0" xmlns="http://schemas.microsoft.com/developer/msbuild/2003">
  <ItemGroup>
    <CustomBuild Include="C:\Users\xenia\source\repos\GK_OpenGL\ZEGAR\assimp-5.0.1\CMakeFiles\37bfb90bb835742be0de87b540aa6d69\INSTALL_force.rule">
      <Filter>CMake Rules</Filter>
    </CustomBuild>
  </ItemGroup>
  <ItemGroup>
    <Filter Include="CMake Rules">
      <UniqueIdentifier>{33BAEA0B-DA1E-377B-A427-6D61555C3219}</UniqueIdentifier>
    </Filter>
  </ItemGroup>
</Project>
