
Microsoft Visual Studio Solution File, Format Version 12.00
# Visual Studio Version 16
Project("{8BC9CEB8-8B4A-11D0-8D11-00A0C91BC942}") = "ALL_BUILD", "ALL_BUILD.vcxproj", "{771EB6D3-E438-3ED7-97EF-1F791F45F8F0}"
	ProjectSection(ProjectDependencies) = postProject
		{30B6EC67-ABC3-3F76-9CC8-C4709DC3B922} = {30B6EC67-ABC3-3F76-9CC8-C4709DC3B922}
		{5CEEE2E3-E8DD-3F64-8CC1-9BC315C2907B} = {5CEEE2E3-E8DD-3F64-8CC1-9BC315C2907B}
		{17BE6CB7-336A-3919-9538-FB142AC2954C} = {17BE6CB7-336A-3919-9538-FB142AC2954C}
		{CD8F7F24-BA6C-3651-AD6E-5B22440A728C} = {CD8F7F24-BA6C-3651-AD6E-5B22440A728C}
		{9D6F3F4C-5BA1-3A0C-B064-DD2FAC290A68} = {9D6F3F4C-5BA1-3A0C-B064-DD2FAC290A68}
		{27AFC7FF-2EDD-3ACB-9B1C-4E86489A4EEF} = {27AFC7FF-2EDD-3ACB-9B1C-4E86489A4EEF}
		{B5CC6AC8-0AC9-3C9A-A0A0-710138E7C32C} = {B5CC6AC8-0AC9-3C9A-A0A0-710138E7C32C}
	EndProjectSection
EndProject
Project("{8BC9CEB8-8B4A-11D0-8D11-00A0C91BC942}") = "INSTALL", "INSTALL.vcxproj", "{51A54097-4E62-3861-BB8C-D5ACC0D791AD}"
	ProjectSection(ProjectDependencies) = postProject
		{771EB6D3-E438-3ED7-97EF-1F791F45F8F0} = {771EB6D3-E438-3ED7-97EF-1F791F45F8F0}
		{5CEEE2E3-E8DD-3F64-8CC1-9BC315C2907B} = {5CEEE2E3-E8DD-3F64-8CC1-9BC315C2907B}
	EndProjectSection
EndProject
Project("{8BC9CEB8-8B4A-11D0-8D11-00A0C91BC942}") = "IrrXML", "contrib\irrXML\IrrXML.vcxproj", "{30B6EC67-ABC3-3F76-9CC8-C4709DC3B922}"
	ProjectSection(ProjectDependencies) = postProject
		{5CEEE2E3-E8DD-3F64-8CC1-9BC315C2907B} = {5CEEE2E3-E8DD-3F64-8CC1-9BC315C2907B}
	EndProjectSection
EndProject
Project("{8BC9CEB8-8B4A-11D0-8D11-00A0C91BC942}") = "UpdateAssimpLibsDebugSymbolsAndDLLs", "UpdateAssimpLibsDebugSymbolsAndDLLs.vcxproj", "{DDEC5A75-D9B9-3D7C-8CF8-50BC5A9486D7}"
	ProjectSection(ProjectDependencies) = postProject
		{5CEEE2E3-E8DD-3F64-8CC1-9BC315C2907B} = {5CEEE2E3-E8DD-3F64-8CC1-9BC315C2907B}
	EndProjectSection
EndProject
Project("{8BC9CEB8-8B4A-11D0-8D11-00A0C91BC942}") = "ZERO_CHECK", "ZERO_CHECK.vcxproj", "{5CEEE2E3-E8DD-3F64-8CC1-9BC315C2907B}"
	ProjectSection(ProjectDependencies) = postProject
	EndProjectSection
EndProject
Project("{8BC9CEB8-8B4A-11D0-8D11-00A0C91BC942}") = "assimp", "code\assimp.vcxproj", "{17BE6CB7-336A-3919-9538-FB142AC2954C}"
	ProjectSection(ProjectDependencies) = postProject
		{30B6EC67-ABC3-3F76-9CC8-C4709DC3B922} = {30B6EC67-ABC3-3F76-9CC8-C4709DC3B922}
		{5CEEE2E3-E8DD-3F64-8CC1-9BC315C2907B} = {5CEEE2E3-E8DD-3F64-8CC1-9BC315C2907B}
		{B5CC6AC8-0AC9-3C9A-A0A0-710138E7C32C} = {B5CC6AC8-0AC9-3C9A-A0A0-710138E7C32C}
	EndProjectSection
EndProject
Project("{8BC9CEB8-8B4A-11D0-8D11-00A0C91BC942}") = "assimp_cmd", "tools\assimp_cmd\assimp_cmd.vcxproj", "{CD8F7F24-BA6C-3651-AD6E-5B22440A728C}"
	ProjectSection(ProjectDependencies) = postProject
		{30B6EC67-ABC3-3F76-9CC8-C4709DC3B922} = {30B6EC67-ABC3-3F76-9CC8-C4709DC3B922}
		{5CEEE2E3-E8DD-3F64-8CC1-9BC315C2907B} = {5CEEE2E3-E8DD-3F64-8CC1-9BC315C2907B}
		{17BE6CB7-336A-3919-9538-FB142AC2954C} = {17BE6CB7-336A-3919-9538-FB142AC2954C}
		{B5CC6AC8-0AC9-3C9A-A0A0-710138E7C32C} = {B5CC6AC8-0AC9-3C9A-A0A0-710138E7C32C}
	EndProjectSection
EndProject
Project("{8BC9CEB8-8B4A-11D0-8D11-00A0C91BC942}") = "uninstall", "uninstall.vcxproj", "{71F179F9-766E-3C36-B714-66FE5885F7E0}"
	ProjectSection(ProjectDependencies) = postProject
		{5CEEE2E3-E8DD-3F64-8CC1-9BC315C2907B} = {5CEEE2E3-E8DD-3F64-8CC1-9BC315C2907B}
	EndProjectSection
EndProject
Project("{8BC9CEB8-8B4A-11D0-8D11-00A0C91BC942}") = "unit", "test\unit.vcxproj", "{9D6F3F4C-5BA1-3A0C-B064-DD2FAC290A68}"
	ProjectSection(ProjectDependencies) = postProject
		{30B6EC67-ABC3-3F76-9CC8-C4709DC3B922} = {30B6EC67-ABC3-3F76-9CC8-C4709DC3B922}
		{5CEEE2E3-E8DD-3F64-8CC1-9BC315C2907B} = {5CEEE2E3-E8DD-3F64-8CC1-9BC315C2907B}
		{17BE6CB7-336A-3919-9538-FB142AC2954C} = {17BE6CB7-336A-3919-9538-FB142AC2954C}
		{B5CC6AC8-0AC9-3C9A-A0A0-710138E7C32C} = {B5CC6AC8-0AC9-3C9A-A0A0-710138E7C32C}
	EndProjectSection
EndProject
Project("{8BC9CEB8-8B4A-11D0-8D11-00A0C91BC942}") = "zlib", "contrib\zlib\zlib.vcxproj", "{27AFC7FF-2EDD-3ACB-9B1C-4E86489A4EEF}"
	ProjectSection(ProjectDependencies) = postProject
		{5CEEE2E3-E8DD-3F64-8CC1-9BC315C2907B} = {5CEEE2E3-E8DD-3F64-8CC1-9BC315C2907B}
	EndProjectSection
EndProject
Project("{8BC9CEB8-8B4A-11D0-8D11-00A0C91BC942}") = "zlibstatic", "contrib\zlib\zlibstatic.vcxproj", "{B5CC6AC8-0AC9-3C9A-A0A0-710138E7C32C}"
	ProjectSection(ProjectDependencies) = postProject
		{5CEEE2E3-E8DD-3F64-8CC1-9BC315C2907B} = {5CEEE2E3-E8DD-3F64-8CC1-9BC315C2907B}
	EndProjectSection
EndProject
Global
	GlobalSection(SolutionConfigurationPlatforms) = preSolution
		Debug|win32 = Debug|win32
		Release|win32 = Release|win32
		MinSizeRel|win32 = MinSizeRel|win32
		RelWithDebInfo|win32 = RelWithDebInfo|win32
	EndGlobalSection
	GlobalSection(ProjectConfigurationPlatforms) = postSolution
		{771EB6D3-E438-3ED7-97EF-1F791F45F8F0}.Debug|win32.ActiveCfg = Debug|win32
		{771EB6D3-E438-3ED7-97EF-1F791F45F8F0}.Debug|win32.Build.0 = Debug|win32
		{771EB6D3-E438-3ED7-97EF-1F791F45F8F0}.Release|win32.ActiveCfg = Release|win32
		{771EB6D3-E438-3ED7-97EF-1F791F45F8F0}.Release|win32.Build.0 = Release|win32
		{771EB6D3-E438-3ED7-97EF-1F791F45F8F0}.MinSizeRel|win32.ActiveCfg = MinSizeRel|win32
		{771EB6D3-E438-3ED7-97EF-1F791F45F8F0}.MinSizeRel|win32.Build.0 = MinSizeRel|win32
		{771EB6D3-E438-3ED7-97EF-1F791F45F8F0}.RelWithDebInfo|win32.ActiveCfg = RelWithDebInfo|win32
		{771EB6D3-E438-3ED7-97EF-1F791F45F8F0}.RelWithDebInfo|win32.Build.0 = RelWithDebInfo|win32
		{51A54097-4E62-3861-BB8C-D5ACC0D791AD}.Debug|win32.ActiveCfg = Debug|win32
		{51A54097-4E62-3861-BB8C-D5ACC0D791AD}.Release|win32.ActiveCfg = Release|win32
		{51A54097-4E62-3861-BB8C-D5ACC0D791AD}.MinSizeRel|win32.ActiveCfg = MinSizeRel|win32
		{51A54097-4E62-3861-BB8C-D5ACC0D791AD}.RelWithDebInfo|win32.ActiveCfg = RelWithDebInfo|win32
		{30B6EC67-ABC3-3F76-9CC8-C4709DC3B922}.Debug|win32.ActiveCfg = Debug|win32
		{30B6EC67-ABC3-3F76-9CC8-C4709DC3B922}.Debug|win32.Build.0 = Debug|win32
		{30B6EC67-ABC3-3F76-9CC8-C4709DC3B922}.Release|win32.ActiveCfg = Release|win32
		{30B6EC67-ABC3-3F76-9CC8-C4709DC3B922}.Release|win32.Build.0 = Release|win32
		{30B6EC67-ABC3-3F76-9CC8-C4709DC3B922}.MinSizeRel|win32.ActiveCfg = MinSizeRel|win32
		{30B6EC67-ABC3-3F76-9CC8-C4709DC3B922}.MinSizeRel|win32.Build.0 = MinSizeRel|win32
		{30B6EC67-ABC3-3F76-9CC8-C4709DC3B922}.RelWithDebInfo|win32.ActiveCfg = RelWithDebInfo|win32
		{30B6EC67-ABC3-3F76-9CC8-C4709DC3B922}.RelWithDebInfo|win32.Build.0 = RelWithDebInfo|win32
		{DDEC5A75-D9B9-3D7C-8CF8-50BC5A9486D7}.Debug|win32.ActiveCfg = Debug|win32
		{DDEC5A75-D9B9-3D7C-8CF8-50BC5A9486D7}.Release|win32.ActiveCfg = Release|win32
		{DDEC5A75-D9B9-3D7C-8CF8-50BC5A9486D7}.MinSizeRel|win32.ActiveCfg = MinSizeRel|win32
		{DDEC5A75-D9B9-3D7C-8CF8-50BC5A9486D7}.RelWithDebInfo|win32.ActiveCfg = RelWithDebInfo|win32
		{5CEEE2E3-E8DD-3F64-8CC1-9BC315C2907B}.Debug|win32.ActiveCfg = Debug|win32
		{5CEEE2E3-E8DD-3F64-8CC1-9BC315C2907B}.Debug|win32.Build.0 = Debug|win32
		{5CEEE2E3-E8DD-3F64-8CC1-9BC315C2907B}.Release|win32.ActiveCfg = Release|win32
		{5CEEE2E3-E8DD-3F64-8CC1-9BC315C2907B}.Release|win32.Build.0 = Release|win32
		{5CEEE2E3-E8DD-3F64-8CC1-9BC315C2907B}.MinSizeRel|win32.ActiveCfg = MinSizeRel|win32
		{5CEEE2E3-E8DD-3F64-8CC1-9BC315C2907B}.MinSizeRel|win32.Build.0 = MinSizeRel|win32
		{5CEEE2E3-E8DD-3F64-8CC1-9BC315C2907B}.RelWithDebInfo|win32.ActiveCfg = RelWithDebInfo|win32
		{5CEEE2E3-E8DD-3F64-8CC1-9BC315C2907B}.RelWithDebInfo|win32.Build.0 = RelWithDebInfo|win32
		{17BE6CB7-336A-3919-9538-FB142AC2954C}.Debug|win32.ActiveCfg = Debug|win32
		{17BE6CB7-336A-3919-9538-FB142AC2954C}.Debug|win32.Build.0 = Debug|win32
		{17BE6CB7-336A-3919-9538-FB142AC2954C}.Release|win32.ActiveCfg = Release|win32
		{17BE6CB7-336A-3919-9538-FB142AC2954C}.Release|win32.Build.0 = Release|win32
		{17BE6CB7-336A-3919-9538-FB142AC2954C}.MinSizeRel|win32.ActiveCfg = MinSizeRel|win32
		{17BE6CB7-336A-3919-9538-FB142AC2954C}.MinSizeRel|win32.Build.0 = MinSizeRel|win32
		{17BE6CB7-336A-3919-9538-FB142AC2954C}.RelWithDebInfo|win32.ActiveCfg = RelWithDebInfo|win32
		{17BE6CB7-336A-3919-9538-FB142AC2954C}.RelWithDebInfo|win32.Build.0 = RelWithDebInfo|win32
		{CD8F7F24-BA6C-3651-AD6E-5B22440A728C}.Debug|win32.ActiveCfg = Debug|win32
		{CD8F7F24-BA6C-3651-AD6E-5B22440A728C}.Debug|win32.Build.0 = Debug|win32
		{CD8F7F24-BA6C-3651-AD6E-5B22440A728C}.Release|win32.ActiveCfg = Release|win32
		{CD8F7F24-BA6C-3651-AD6E-5B22440A728C}.Release|win32.Build.0 = Release|win32
		{CD8F7F24-BA6C-3651-AD6E-5B22440A728C}.MinSizeRel|win32.ActiveCfg = MinSizeRel|win32
		{CD8F7F24-BA6C-3651-AD6E-5B22440A728C}.MinSizeRel|win32.Build.0 = MinSizeRel|win32
		{CD8F7F24-BA6C-3651-AD6E-5B22440A728C}.RelWithDebInfo|win32.ActiveCfg = RelWithDebInfo|win32
		{CD8F7F24-BA6C-3651-AD6E-5B22440A728C}.RelWithDebInfo|win32.Build.0 = RelWithDebInfo|win32
		{71F179F9-766E-3C36-B714-66FE5885F7E0}.Debug|win32.ActiveCfg = Debug|win32
		{71F179F9-766E-3C36-B714-66FE5885F7E0}.Release|win32.ActiveCfg = Release|win32
		{71F179F9-766E-3C36-B714-66FE5885F7E0}.MinSizeRel|win32.ActiveCfg = MinSizeRel|win32
		{71F179F9-766E-3C36-B714-66FE5885F7E0}.RelWithDebInfo|win32.ActiveCfg = RelWithDebInfo|win32
		{9D6F3F4C-5BA1-3A0C-B064-DD2FAC290A68}.Debug|win32.ActiveCfg = Debug|win32
		{9D6F3F4C-5BA1-3A0C-B064-DD2FAC290A68}.Debug|win32.Build.0 = Debug|win32
		{9D6F3F4C-5BA1-3A0C-B064-DD2FAC290A68}.Release|win32.ActiveCfg = Release|win32
		{9D6F3F4C-5BA1-3A0C-B064-DD2FAC290A68}.Release|win32.Build.0 = Release|win32
		{9D6F3F4C-5BA1-3A0C-B064-DD2FAC290A68}.MinSizeRel|win32.ActiveCfg = MinSizeRel|win32
		{9D6F3F4C-5BA1-3A0C-B064-DD2FAC290A68}.MinSizeRel|win32.Build.0 = MinSizeRel|win32
		{9D6F3F4C-5BA1-3A0C-B064-DD2FAC290A68}.RelWithDebInfo|win32.ActiveCfg = RelWithDebInfo|win32
		{9D6F3F4C-5BA1-3A0C-B064-DD2FAC290A68}.RelWithDebInfo|win32.Build.0 = RelWithDebInfo|win32
		{27AFC7FF-2EDD-3ACB-9B1C-4E86489A4EEF}.Debug|win32.ActiveCfg = Debug|win32
		{27AFC7FF-2EDD-3ACB-9B1C-4E86489A4EEF}.Debug|win32.Build.0 = Debug|win32
		{27AFC7FF-2EDD-3ACB-9B1C-4E86489A4EEF}.Release|win32.ActiveCfg = Release|win32
		{27AFC7FF-2EDD-3ACB-9B1C-4E86489A4EEF}.Release|win32.Build.0 = Release|win32
		{27AFC7FF-2EDD-3ACB-9B1C-4E86489A4EEF}.MinSizeRel|win32.ActiveCfg = MinSizeRel|win32
		{27AFC7FF-2EDD-3ACB-9B1C-4E86489A4EEF}.MinSizeRel|win32.Build.0 = MinSizeRel|win32
		{27AFC7FF-2EDD-3ACB-9B1C-4E86489A4EEF}.RelWithDebInfo|win32.ActiveCfg = RelWithDebInfo|win32
		{27AFC7FF-2EDD-3ACB-9B1C-4E86489A4EEF}.RelWithDebInfo|win32.Build.0 = RelWithDebInfo|win32
		{B5CC6AC8-0AC9-3C9A-A0A0-710138E7C32C}.Debug|win32.ActiveCfg = Debug|win32
		{B5CC6AC8-0AC9-3C9A-A0A0-710138E7C32C}.Debug|win32.Build.0 = Debug|win32
		{B5CC6AC8-0AC9-3C9A-A0A0-710138E7C32C}.Release|win32.ActiveCfg = Release|win32
		{B5CC6AC8-0AC9-3C9A-A0A0-710138E7C32C}.Release|win32.Build.0 = Release|win32
		{B5CC6AC8-0AC9-3C9A-A0A0-710138E7C32C}.MinSizeRel|win32.ActiveCfg = MinSizeRel|win32
		{B5CC6AC8-0AC9-3C9A-A0A0-710138E7C32C}.MinSizeRel|win32.Build.0 = MinSizeRel|win32
		{B5CC6AC8-0AC9-3C9A-A0A0-710138E7C32C}.RelWithDebInfo|win32.ActiveCfg = RelWithDebInfo|win32
		{B5CC6AC8-0AC9-3C9A-A0A0-710138E7C32C}.RelWithDebInfo|win32.Build.0 = RelWithDebInfo|win32
	EndGlobalSection
	GlobalSection(ExtensibilityGlobals) = postSolution
		SolutionGuid = {5048043A-5A30-363B-A928-65703976A1BD}
	EndGlobalSection
	GlobalSection(ExtensibilityAddIns) = postSolution
	EndGlobalSection
EndGlobal
